
Microsoft Visual Studio Solution File, Format Version 12.00
# Visual Studio Version 17
VisualStudioVersion = 17.0.32126.317
MinimumVisualStudioVersion = 10.0.40219.1
Project("{FAE04EC0-301F-11D3-BF4B-00C04F79EFBC}") = "AspNetCoreDashboardBackend", "AspNetCoreDashboardBackend\AspNetCoreDashboardBackend.csproj", "{C5C203F8-DF71-41C0-B56D-BA61EDECA71A}"
EndProject
Global
	GlobalSection(SolutionConfigurationPlatforms) = preSolution
		Debug|Any CPU = Debug|Any CPU
		Release|Any CPU = Release|Any CPU
	EndGlobalSection
	GlobalSection(ProjectConfigurationPlatforms) = postSolution
		{C5C203F8-DF71-41C0-B56D-BA61EDECA71A}.Debug|Any CPU.ActiveCfg = Debug|Any CPU
		{C5C203F8-DF71-41C0-B56D-BA61EDECA71A}.Debug|Any CPU.Build.0 = Debug|Any CPU
		{C5C203F8-DF71-41C0-B56D-BA61EDECA71A}.Release|Any CPU.ActiveCfg = Release|Any CPU
		{C5C203F8-DF71-41C0-B56D-BA61EDECA71A}.Release|Any CPU.Build.0 = Release|Any CPU
	EndGlobalSection
	GlobalSection(SolutionProperties) = preSolution
		HideSolutionNode = FALSE
	EndGlobalSection
	GlobalSection(ExtensibilityGlobals) = postSolution
		SolutionGuid = {E334798F-8C99-464B-9B52-844B28AF22F2}
	EndGlobalSection
EndGlobal
